// !$*UTF8*$!
{
	archiveVersion = 1;
	classes = {
	};
	objectVersion = 77;
	objects = {

/* Begin PBXBuildFile section */
		5C990C632CD14FAA004CC170 /* First.storyboard in Resources */ = {isa = PBXBuildFile; fileRef = 5C990C622CD14FAA004CC170 /* First.storyboard */; };
/* End PBXBuildFile section */

/* Begin PBXContainerItemProxy section */
		5CF8D3F52CD132940075DAC4 /* PBXContainerItemProxy */ = {
			isa = PBXContainerItemProxy;
			containerPortal = 5CF8D3D62CD132910075DAC4 /* Project object */;
			proxyType = 1;
			remoteGlobalIDString = 5CF8D3DD2CD132910075DAC4;
			remoteInfo = CatGenerator;
		};
		5CF8D3FF2CD132940075DAC4 /* PBXContainerItemProxy */ = {
			isa = PBXContainerItemProxy;
			containerPortal = 5CF8D3D62CD132910075DAC4 /* Project object */;
			proxyType = 1;
			remoteGlobalIDString = 5CF8D3DD2CD132910075DAC4;
			remoteInfo = CatGenerator;
		};
/* End PBXContainerItemProxy section */

/* Begin PBXFileReference section */
		5C990C622CD14FAA004CC170 /* First.storyboard */ = {isa = PBXFileReference; lastKnownFileType = file.storyboard; path = First.storyboard; sourceTree = "<group>"; };
		5CF8D3DE2CD132910075DAC4 /* CatGenerator.app */ = {isa = PBXFileReference; explicitFileType = wrapper.application; includeInIndex = 0; path = CatGenerator.app; sourceTree = BUILT_PRODUCTS_DIR; };
		5CF8D3F42CD132940075DAC4 /* CatGeneratorTests.xctest */ = {isa = PBXFileReference; explicitFileType = wrapper.cfbundle; includeInIndex = 0; path = CatGeneratorTests.xctest; sourceTree = BUILT_PRODUCTS_DIR; };
		5CF8D3FE2CD132940075DAC4 /* CatGeneratorUITests.xctest */ = {isa = PBXFileReference; explicitFileType = wrapper.cfbundle; includeInIndex = 0; path = CatGeneratorUITests.xctest; sourceTree = BUILT_PRODUCTS_DIR; };
/* End PBXFileReference section */

/* Begin PBXFileSystemSynchronizedBuildFileExceptionSet section */
		5CF8D4062CD132940075DAC4 /* Exceptions for "CatGenerator" folder in "CatGenerator" target */ = {
			isa = PBXFileSystemSynchronizedBuildFileExceptionSet;
			membershipExceptions = (
				Info.plist,
			);
			target = 5CF8D3DD2CD132910075DAC4 /* CatGenerator */;
		};
/* End PBXFileSystemSynchronizedBuildFileExceptionSet section */

/* Begin PBXFileSystemSynchronizedRootGroup section */
		5CF8D3E02CD132910075DAC4 /* CatGenerator */ = {
			isa = PBXFileSystemSynchronizedRootGroup;
			exceptions = (
				5CF8D4062CD132940075DAC4 /* Exceptions for "CatGenerator" folder in "CatGenerator" target */,
			);
			path = CatGenerator;
			sourceTree = "<group>";
		};
		5CF8D3F72CD132940075DAC4 /* CatGeneratorTests */ = {
			isa = PBXFileSystemSynchronizedRootGroup;
			path = CatGeneratorTests;
			sourceTree = "<group>";
		};
		5CF8D4012CD132940075DAC4 /* CatGeneratorUITests */ = {
			isa = PBXFileSystemSynchronizedRootGroup;
			path = CatGeneratorUITests;
			sourceTree = "<group>";
		};
/* End PBXFileSystemSynchronizedRootGroup section */

/* Begin PBXFrameworksBuildPhase section */
		5CF8D3DB2CD132910075DAC4 /* Frameworks */ = {
			isa = PBXFrameworksBuildPhase;
			buildActionMask = 2147483647;
			files = (
			);
			runOnlyForDeploymentPostprocessing = 0;
		};
		5CF8D3F12CD132940075DAC4 /* Frameworks */ = {
			isa = PBXFrameworksBuildPhase;
			buildActionMask = 2147483647;
			files = (
			);
			runOnlyForDeploymentPostprocessing = 0;
		};
		5CF8D3FB2CD132940075DAC4 /* Frameworks */ = {
			isa = PBXFrameworksBuildPhase;
			buildActionMask = 2147483647;
			files = (
			);
			runOnlyForDeploymentPostprocessing = 0;
		};
/* End PBXFrameworksBuildPhase section */

/* Begin PBXGroup section */
		5CF8D3D52CD132910075DAC4 = {
			isa = PBXGroup;
			children = (
				5C990C622CD14FAA004CC170 /* First.storyboard */,
				5CF8D3E02CD132910075DAC4 /* CatGenerator */,
				5CF8D3F72CD132940075DAC4 /* CatGeneratorTests */,
				5CF8D4012CD132940075DAC4 /* CatGeneratorUITests */,
				5CF8D3DF2CD132910075DAC4 /* Products */,
			);
			sourceTree = "<group>";
		};
		5CF8D3DF2CD132910075DAC4 /* Products */ = {
			isa = PBXGroup;
			children = (
				5CF8D3DE2CD132910075DAC4 /* CatGenerator.app */,
				5CF8D3F42CD132940075DAC4 /* CatGeneratorTests.xctest */,
				5CF8D3FE2CD132940075DAC4 /* CatGeneratorUITests.xctest */,
			);
			name = Products;
			sourceTree = "<group>";
		};
/* End PBXGroup section */

/* Begin PBXNativeTarget section */
		5CF8D3DD2CD132910075DAC4 /* CatGenerator */ = {
			isa = PBXNativeTarget;
			buildConfigurationList = 5CF8D4072CD132940075DAC4 /* Build configuration list for PBXNativeTarget "CatGenerator" */;
			buildPhases = (
				5CF8D3DA2CD132910075DAC4 /* Sources */,
				5CF8D3DB2CD132910075DAC4 /* Frameworks */,
				5CF8D3DC2CD132910075DAC4 /* Resources */,
			);
			buildRules = (
			);
			dependencies = (
			);
			fileSystemSynchronizedGroups = (
				5CF8D3E02CD132910075DAC4 /* CatGenerator */,
			);
			name = CatGenerator;
			packageProductDependencies = (
			);
			productName = CatGenerator;
			productReference = 5CF8D3DE2CD132910075DAC4 /* CatGenerator.app */;
			productType = "com.apple.product-type.application";
		};
		5CF8D3F32CD132940075DAC4 /* CatGeneratorTests */ = {
			isa = PBXNativeTarget;
			buildConfigurationList = 5CF8D40C2CD132940075DAC4 /* Build configuration list for PBXNativeTarget "CatGeneratorTests" */;
			buildPhases = (
				5CF8D3F02CD132940075DAC4 /* Sources */,
				5CF8D3F12CD132940075DAC4 /* Frameworks */,
				5CF8D3F22CD132940075DAC4 /* Resources */,
			);
			buildRules = (
			);
			dependencies = (
				5CF8D3F62CD132940075DAC4 /* PBXTargetDependency */,
			);
			fileSystemSynchronizedGroups = (
				5CF8D3F72CD132940075DAC4 /* CatGeneratorTests */,
			);
			name = CatGeneratorTests;
			packageProductDependencies = (
			);
			productName = CatGeneratorTests;
			productReference = 5CF8D3F42CD132940075DAC4 /* CatGeneratorTests.xctest */;
			productType = "com.apple.product-type.bundle.unit-test";
		};
		5CF8D3FD2CD132940075DAC4 /* CatGeneratorUITests */ = {
			isa = PBXNativeTarget;
			buildConfigurationList = 5CF8D40F2CD132940075DAC4 /* Build configuration list for PBXNativeTarget "CatGeneratorUITests" */;
			buildPhases = (
				5CF8D3FA2CD132940075DAC4 /* Sources */,
				5CF8D3FB2CD132940075DAC4 /* Frameworks */,
				5CF8D3FC2CD132940075DAC4 /* Resources */,
			);
			buildRules = (
			);
			dependencies = (
				5CF8D4002CD132940075DAC4 /* PBXTargetDependency */,
			);
			fileSystemSynchronizedGroups = (
				5CF8D4012CD132940075DAC4 /* CatGeneratorUITests */,
			);
			name = CatGeneratorUITests;
			packageProductDependencies = (
			);
			productName = CatGeneratorUITests;
			productReference = 5CF8D3FE2CD132940075DAC4 /* CatGeneratorUITests.xctest */;
			productType = "com.apple.product-type.bundle.ui-testing";
		};
/* End PBXNativeTarget section */

/* Begin PBXProject section */
		5CF8D3D62CD132910075DAC4 /* Project object */ = {
			isa = PBXProject;
			attributes = {
				BuildIndependentTargetsInParallel = 1;
				LastSwiftUpdateCheck = 1600;
				LastUpgradeCheck = 1600;
				TargetAttributes = {
					5CF8D3DD2CD132910075DAC4 = {
						CreatedOnToolsVersion = 16.0;
					};
					5CF8D3F32CD132940075DAC4 = {
						CreatedOnToolsVersion = 16.0;
						TestTargetID = 5CF8D3DD2CD132910075DAC4;
					};
					5CF8D3FD2CD132940075DAC4 = {
						CreatedOnToolsVersion = 16.0;
						TestTargetID = 5CF8D3DD2CD132910075DAC4;
					};
				};
			};
			buildConfigurationList = 5CF8D3D92CD132910075DAC4 /* Build configuration list for PBXProject "CatGenerator" */;
			developmentRegion = en;
			hasScannedForEncodings = 0;
			knownRegions = (
				en,
				Base,
			);
			mainGroup = 5CF8D3D52CD132910075DAC4;
			minimizedProjectReferenceProxies = 1;
			preferredProjectObjectVersion = 77;
			productRefGroup = 5CF8D3DF2CD132910075DAC4 /* Products */;
			projectDirPath = "";
			projectRoot = "";
			targets = (
				5CF8D3DD2CD132910075DAC4 /* CatGenerator */,
				5CF8D3F32CD132940075DAC4 /* CatGeneratorTests */,
				5CF8D3FD2CD132940075DAC4 /* CatGeneratorUITests */,
			);
		};
/* End PBXProject section */

/* Begin PBXResourcesBuildPhase section */
		5CF8D3DC2CD132910075DAC4 /* Resources */ = {
			isa = PBXResourcesBuildPhase;
			buildActionMask = 2147483647;
			files = (
				5C990C632CD14FAA004CC170 /* First.storyboard in Resources */,
			);
			runOnlyForDeploymentPostprocessing = 0;
		};
		5CF8D3F22CD132940075DAC4 /* Resources */ = {
			isa = PBXResourcesBuildPhase;
			buildActionMask = 2147483647;
			files = (
			);
			runOnlyForDeploymentPostprocessing = 0;
		};
		5CF8D3FC2CD132940075DAC4 /* Resources */ = {
			isa = PBXResourcesBuildPhase;
			buildActionMask = 2147483647;
			files = (
			);
			runOnlyForDeploymentPostprocessing = 0;
		};
/* End PBXResourcesBuildPhase section */

/* Begin PBXSourcesBuildPhase section */
		5CF8D3DA2CD132910075DAC4 /* Sources */ = {
			isa = PBXSourcesBuildPhase;
			buildActionMask = 2147483647;
			files = (
			);
			runOnlyForDeploymentPostprocessing = 0;
		};
		5CF8D3F02CD132940075DAC4 /* Sources */ = {
			isa = PBXSourcesBuildPhase;
			buildActionMask = 2147483647;
			files = (
			);
			runOnlyForDeploymentPostprocessing = 0;
		};
		5CF8D3FA2CD132940075DAC4 /* Sources */ = {
			isa = PBXSourcesBuildPhase;
			buildActionMask = 2147483647;
			files = (
			);
			runOnlyForDeploymentPostprocessing = 0;
		};
/* End PBXSourcesBuildPhase section */

/* Begin PBXTargetDependency section */
		5CF8D3F62CD132940075DAC4 /* PBXTargetDependency */ = {
			isa = PBXTargetDependency;
			target = 5CF8D3DD2CD132910075DAC4 /* CatGenerator */;
			targetProxy = 5CF8D3F52CD132940075DAC4 /* PBXContainerItemProxy */;
		};
		5CF8D4002CD132940075DAC4 /* PBXTargetDependency */ = {
			isa = PBXTargetDependency;
			target = 5CF8D3DD2CD132910075DAC4 /* CatGenerator */;
			targetProxy = 5CF8D3FF2CD132940075DAC4 /* PBXContainerItemProxy */;
		};
/* End PBXTargetDependency section */

/* Begin XCBuildConfiguration section */
		5CF8D4082CD132940075DAC4 /* Debug */ = {
			isa = XCBuildConfiguration;
			buildSettings = {
				ASSETCATALOG_COMPILER_APPICON_NAME = AppIcon;
				ASSETCATALOG_COMPILER_GLOBAL_ACCENT_COLOR_NAME = AccentColor;
				CODE_SIGN_STYLE = Automatic;
				CURRENT_PROJECT_VERSION = 1;
				DEVELOPMENT_TEAM = CRLSQDPP45;
				GENERATE_INFOPLIST_FILE = YES;
				INFOPLIST_FILE = CatGenerator/Info.plist;
				INFOPLIST_KEY_UIApplicationSupportsIndirectInputEvents = YES;
				INFOPLIST_KEY_UILaunchStoryboardName = LaunchScreen;
				INFOPLIST_KEY_UIMainStoryboardFile = Main;
				INFOPLIST_KEY_UISupportedInterfaceOrientations_iPad = "UIInterfaceOrientationPortrait UIInterfaceOrientationPortraitUpsideDown UIInterfaceOrientationLandscapeLeft UIInterfaceOrientationLandscapeRight";
				INFOPLIST_KEY_UISupportedInterfaceOrientations_iPhone = "UIInterfaceOrientationPortrait UIInterfaceOrientationLandscapeLeft UIInterfaceOrientationLandscapeRight";
				LD_RUNPATH_SEARCH_PATHS = (
					"$(inherited)",
					"@executable_path/Frameworks",
				);
				MARKETING_VERSION = 1.0;
				PRODUCT_BUNDLE_IDENTIFIER = test.CatGenerator;
				PRODUCT_NAME = "$(TARGET_NAME)";
				SWIFT_EMIT_LOC_STRINGS = YES;
				SWIFT_VERSION = 5.0;
				TARGETED_DEVICE_FAMILY = "1,2";
			};
			name = Debug;
		};
		5CF8D4092CD132940075DAC4 /* Release */ = {
			isa = XCBuildConfiguration;
			buildSettings = {
				ASSETCATALOG_COMPILER_APPICON_NAME = AppIcon;
				ASSETCATALOG_COMPILER_GLOBAL_ACCENT_COLOR_NAME = AccentColor;
				CODE_SIGN_STYLE = Automatic;
				CURRENT_PROJECT_VERSION = 1;
				DEVELOPMENT_TEAM = CRLSQDPP45;
				GENERATE_INFOPLIST_FILE = YES;
				INFOPLIST_FILE = CatGenerator/Info.plist;
				INFOPLIST_KEY_UIApplicationSupportsIndirectInputEvents = YES;
				INFOPLIST_KEY_UILaunchStoryboardName = LaunchScreen;
				INFOPLIST_KEY_UIMainStoryboardFile = Main;
				INFOPLIST_KEY_UISupportedInterfaceOrientations_iPad = "UIInterfaceOrientationPortrait UIInterfaceOrientationPortraitUpsideDown UIInterfaceOrientationLandscapeLeft UIInterfaceOrientationLandscapeRight";
				INFOPLIST_KEY_UISupportedInterfaceOrientations_iPhone = "UIInterfaceOrientationPortrait UIInterfaceOrientationLandscapeLeft UIInterfaceOrientationLandscapeRight";
				LD_RUNPATH_SEARCH_PATHS = (
					"$(inherited)",
					"@executable_path/Frameworks",
				);
				MARKETING_VERSION = 1.0;
				PRODUCT_BUNDLE_IDENTIFIER = test.CatGenerator;
				PRODUCT_NAME = "$(TARGET_NAME)";
				SWIFT_EMIT_LOC_STRINGS = YES;
				SWIFT_VERSION = 5.0;
				TARGETED_DEVICE_FAMILY = "1,2";
			};
			name = Release;
		};
		5CF8D40A2CD132940075DAC4 /* Debug */ = {
			isa = XCBuildConfiguration;
			buildSettings = {
				ALWAYS_SEARCH_USER_PATHS = NO;
				ASSETCATALOG_COMPILER_GENERATE_SWIFT_ASSET_SYMBOL_EXTENSIONS = YES;
				CLANG_ANALYZER_NONNULL = YES;
				CLANG_ANALYZER_NUMBER_OBJECT_CONVERSION = YES_AGGRESSIVE;
				CLANG_CXX_LANGUAGE_STANDARD = "gnu++20";
				CLANG_ENABLE_MODULES = YES;
				CLANG_ENABLE_OBJC_ARC = YES;
				CLANG_ENABLE_OBJC_WEAK = YES;
				CLANG_WARN_BLOCK_CAPTURE_AUTORELEASING = YES;
				CLANG_WARN_BOOL_CONVERSION = YES;
				CLANG_WARN_COMMA = YES;
				CLANG_WARN_CONSTANT_CONVERSION = YES;
				CLANG_WARN_DEPRECATED_OBJC_IMPLEMENTATIONS = YES;
				CLANG_WARN_DIRECT_OBJC_ISA_USAGE = YES_ERROR;
				CLANG_WARN_DOCUMENTATION_COMMENTS = YES;
				CLANG_WARN_EMPTY_BODY = YES;
				CLANG_WARN_ENUM_CONVERSION = YES;
				CLANG_WARN_INFINITE_RECURSION = YES;
				CLANG_WARN_INT_CONVERSION = YES;
				CLANG_WARN_NON_LITERAL_NULL_CONVERSION = YES;
				CLANG_WARN_OBJC_IMPLICIT_RETAIN_SELF = YES;
				CLANG_WARN_OBJC_LITERAL_CONVERSION = YES;
				CLANG_WARN_OBJC_ROOT_CLASS = YES_ERROR;
				CLANG_WARN_QUOTED_INCLUDE_IN_FRAMEWORK_HEADER = YES;
				CLANG_WARN_RANGE_LOOP_ANALYSIS = YES;
				CLANG_WARN_STRICT_PROTOTYPES = YES;
				CLANG_WARN_SUSPICIOUS_MOVE = YES;
				CLANG_WARN_UNGUARDED_AVAILABILITY = YES_AGGRESSIVE;
				CLANG_WARN_UNREACHABLE_CODE = YES;
				CLANG_WARN__DUPLICATE_METHOD_MATCH = YES;
				COPY_PHASE_STRIP = NO;
				DEBUG_INFORMATION_FORMAT = dwarf;
				ENABLE_STRICT_OBJC_MSGSEND = YES;
				ENABLE_TESTABILITY = YES;
				ENABLE_USER_SCRIPT_SANDBOXING = YES;
				GCC_C_LANGUAGE_STANDARD = gnu17;
				GCC_DYNAMIC_NO_PIC = NO;
				GCC_NO_COMMON_BLOCKS = YES;
				GCC_OPTIMIZATION_LEVEL = 0;
				GCC_PREPROCESSOR_DEFINITIONS = (
					"DEBUG=1",
					"$(inherited)",
				);
				GCC_WARN_64_TO_32_BIT_CONVERSION = YES;
				GCC_WARN_ABOUT_RETURN_TYPE = YES_ERROR;
				GCC_WARN_UNDECLARED_SELECTOR = YES;
				GCC_WARN_UNINITIALIZED_AUTOS = YES_AGGRESSIVE;
				GCC_WARN_UNUSED_FUNCTION = YES;
				GCC_WARN_UNUSED_VARIABLE = YES;
				IPHONEOS_DEPLOYMENT_TARGET = 18.0;
				LOCALIZATION_PREFERS_STRING_CATALOGS = YES;
				MTL_ENABLE_DEBUG_INFO = INCLUDE_SOURCE;
				MTL_FAST_MATH = YES;
				ONLY_ACTIVE_ARCH = YES;
				SDKROOT = iphoneos;
				SWIFT_ACTIVE_COMPILATION_CONDITIONS = "DEBUG $(inherited)";
				SWIFT_OPTIMIZATION_LEVEL = "-Onone";
			};
			name = Debug;
		};
		5CF8D40B2CD132940075DAC4 /* Release */ = {
			isa = XCBuildConfiguration;
			buildSettings = {
				ALWAYS_SEARCH_USER_PATHS = NO;
				ASSETCATALOG_COMPILER_GENERATE_SWIFT_ASSET_SYMBOL_EXTENSIONS = YES;
				CLANG_ANALYZER_NONNULL = YES;
				CLANG_ANALYZER_NUMBER_OBJECT_CONVERSION = YES_AGGRESSIVE;
				CLANG_CXX_LANGUAGE_STANDARD = "gnu++20";
				CLANG_ENABLE_MODULES = YES;
				CLANG_ENABLE_OBJC_ARC = YES;
				CLANG_ENABLE_OBJC_WEAK = YES;
				CLANG_WARN_BLOCK_CAPTURE_AUTORELEASING = YES;
				CLANG_WARN_BOOL_CONVERSION = YES;
				CLANG_WARN_COMMA = YES;
				CLANG_WARN_CONSTANT_CONVERSION = YES;
				CLANG_WARN_DEPRECATED_OBJC_IMPLEMENTATIONS = YES;
				CLANG_WARN_DIRECT_OBJC_ISA_USAGE = YES_ERROR;
				CLANG_WARN_DOCUMENTATION_COMMENTS = YES;
				CLANG_WARN_EMPTY_BODY = YES;
				CLANG_WARN_ENUM_CONVERSION = YES;
				CLANG_WARN_INFINITE_RECURSION = YES;
				CLANG_WARN_INT_CONVERSION = YES;
				CLANG_WARN_NON_LITERAL_NULL_CONVERSION = YES;
				CLANG_WARN_OBJC_IMPLICIT_RETAIN_SELF = YES;
				CLANG_WARN_OBJC_LITERAL_CONVERSION = YES;
				CLANG_WARN_OBJC_ROOT_CLASS = YES_ERROR;
				CLANG_WARN_QUOTED_INCLUDE_IN_FRAMEWORK_HEADER = YES;
				CLANG_WARN_RANGE_LOOP_ANALYSIS = YES;
				CLANG_WARN_STRICT_PROTOTYPES = YES;
				CLANG_WARN_SUSPICIOUS_MOVE = YES;
				CLANG_WARN_UNGUARDED_AVAILABILITY = YES_AGGRESSIVE;
				CLANG_WARN_UNREACHABLE_CODE = YES;
				CLANG_WARN__DUPLICATE_METHOD_MATCH = YES;
				COPY_PHASE_STRIP = NO;
				DEBUG_INFORMATION_FORMAT = "dwarf-with-dsym";
				ENABLE_NS_ASSERTIONS = NO;
				ENABLE_STRICT_OBJC_MSGSEND = YES;
				ENABLE_USER_SCRIPT_SANDBOXING = YES;
				GCC_C_LANGUAGE_STANDARD = gnu17;
				GCC_NO_COMMON_BLOCKS = YES;
				GCC_WARN_64_TO_32_BIT_CONVERSION = YES;
				GCC_WARN_ABOUT_RETURN_TYPE = YES_ERROR;
				GCC_WARN_UNDECLARED_SELECTOR = YES;
				GCC_WARN_UNINITIALIZED_AUTOS = YES_AGGRESSIVE;
				GCC_WARN_UNUSED_FUNCTION = YES;
				GCC_WARN_UNUSED_VARIABLE = YES;
				IPHONEOS_DEPLOYMENT_TARGET = 18.0;
				LOCALIZATION_PREFERS_STRING_CATALOGS = YES;
				MTL_ENABLE_DEBUG_INFO = NO;
				MTL_FAST_MATH = YES;
				SDKROOT = iphoneos;
				SWIFT_COMPILATION_MODE = wholemodule;
				VALIDATE_PRODUCT = YES;
			};
			name = Release;
		};
		5CF8D40D2CD132940075DAC4 /* Debug */ = {
			isa = XCBuildConfiguration;
			buildSettings = {
				BUNDLE_LOADER = "$(TEST_HOST)";
				CODE_SIGN_STYLE = Automatic;
				CURRENT_PROJECT_VERSION = 1;
				DEVELOPMENT_TEAM = CRLSQDPP45;
				GENERATE_INFOPLIST_FILE = YES;
				IPHONEOS_DEPLOYMENT_TARGET = 18.0;
				MARKETING_VERSION = 1.0;
				PRODUCT_BUNDLE_IDENTIFIER = test.CatGeneratorTests;
				PRODUCT_NAME = "$(TARGET_NAME)";
				SWIFT_EMIT_LOC_STRINGS = NO;
				SWIFT_VERSION = 5.0;
				TARGETED_DEVICE_FAMILY = "1,2";
				TEST_HOST = "$(BUILT_PRODUCTS_DIR)/CatGenerator.app/$(BUNDLE_EXECUTABLE_FOLDER_PATH)/CatGenerator";
			};
			name = Debug;
		};
		5CF8D40E2CD132940075DAC4 /* Release */ = {
			isa = XCBuildConfiguration;
			buildSettings = {
				BUNDLE_LOADER = "$(TEST_HOST)";
				CODE_SIGN_STYLE = Automatic;
				CURRENT_PROJECT_VERSION = 1;
				DEVELOPMENT_TEAM = CRLSQDPP45;
				GENERATE_INFOPLIST_FILE = YES;
				IPHONEOS_DEPLOYMENT_TARGET = 18.0;
				MARKETING_VERSION = 1.0;
				PRODUCT_BUNDLE_IDENTIFIER = test.CatGeneratorTests;
				PRODUCT_NAME = "$(TARGET_NAME)";
				SWIFT_EMIT_LOC_STRINGS = NO;
				SWIFT_VERSION = 5.0;
				TARGETED_DEVICE_FAMILY = "1,2";
				TEST_HOST = "$(BUILT_PRODUCTS_DIR)/CatGenerator.app/$(BUNDLE_EXECUTABLE_FOLDER_PATH)/CatGenerator";
			};
			name = Release;
		};
		5CF8D4102CD132940075DAC4 /* Debug */ = {
			isa = XCBuildConfiguration;
			buildSettings = {
				CODE_SIGN_STYLE = Automatic;
				CURRENT_PROJECT_VERSION = 1;
				DEVELOPMENT_TEAM = CRLSQDPP45;
				GENERATE_INFOPLIST_FILE = YES;
				MARKETING_VERSION = 1.0;
				PRODUCT_BUNDLE_IDENTIFIER = test.CatGeneratorUITests;
				PRODUCT_NAME = "$(TARGET_NAME)";
				SWIFT_EMIT_LOC_STRINGS = NO;
				SWIFT_VERSION = 5.0;
				TARGETED_DEVICE_FAMILY = "1,2";
				TEST_TARGET_NAME = CatGenerator;
			};
			name = Debug;
		};
		5CF8D4112CD132940075DAC4 /* Release */ = {
			isa = XCBuildConfiguration;
			buildSettings = {
				CODE_SIGN_STYLE = Automatic;
				CURRENT_PROJECT_VERSION = 1;
				DEVELOPMENT_TEAM = CRLSQDPP45;
				GENERATE_INFOPLIST_FILE = YES;
				MARKETING_VERSION = 1.0;
				PRODUCT_BUNDLE_IDENTIFIER = test.CatGeneratorUITests;
				PRODUCT_NAME = "$(TARGET_NAME)";
				SWIFT_EMIT_LOC_STRINGS = NO;
				SWIFT_VERSION = 5.0;
				TARGETED_DEVICE_FAMILY = "1,2";
				TEST_TARGET_NAME = CatGenerator;
			};
			name = Release;
		};
/* End XCBuildConfiguration section */

/* Begin XCConfigurationList section */
		5CF8D3D92CD132910075DAC4 /* Build configuration list for PBXProject "CatGenerator" */ = {
			isa = XCConfigurationList;
			buildConfigurations = (
				5CF8D40A2CD132940075DAC4 /* Debug */,
				5CF8D40B2CD132940075DAC4 /* Release */,
			);
			defaultConfigurationIsVisible = 0;
			defaultConfigurationName = Release;
		};
		5CF8D4072CD132940075DAC4 /* Build configuration list for PBXNativeTarget "CatGenerator" */ = {
			isa = XCConfigurationList;
			buildConfigurations = (
				5CF8D4082CD132940075DAC4 /* Debug */,
				5CF8D4092CD132940075DAC4 /* Release */,
			);
			defaultConfigurationIsVisible = 0;
			defaultConfigurationName = Release;
		};
		5CF8D40C2CD132940075DAC4 /* Build configuration list for PBXNativeTarget "CatGeneratorTests" */ = {
			isa = XCConfigurationList;
			buildConfigurations = (
				5CF8D40D2CD132940075DAC4 /* Debug */,
				5CF8D40E2CD132940075DAC4 /* Release */,
			);
			defaultConfigurationIsVisible = 0;
			defaultConfigurationName = Release;
		};
		5CF8D40F2CD132940075DAC4 /* Build configuration list for PBXNativeTarget "CatGeneratorUITests" */ = {
			isa = XCConfigurationList;
			buildConfigurations = (
				5CF8D4102CD132940075DAC4 /* Debug */,
				5CF8D4112CD132940075DAC4 /* Release */,
			);
			defaultConfigurationIsVisible = 0;
			defaultConfigurationName = Release;
		};
/* End XCConfigurationList section */
	};
	rootObject = 5CF8D3D62CD132910075DAC4 /* Project object */;
}
